
Microsoft Visual Studio Solution File, Format Version 12.00
# Visual Studio 15
VisualStudioVersion = 15.0.26430.6
MinimumVisualStudioVersion = 10.0.40219.1
Project("{FAE04EC0-301F-11D3-BF4B-00C04F79EFBC}") = "Practice Integers", "Practice Integers\Practice Integers.csproj", "{6EBDE3D0-3EAA-4F59-8FDD-994861E3E8A5}"
EndProject
Project("{FAE04EC0-301F-11D3-BF4B-00C04F79EFBC}") = "Practice Floating Point Numbers", "Practice Floating Point Numbers\Practice Floating Point Numbers.csproj", "{7EA0EEBB-3EB9-4535-9F49-B1880511613E}"
EndProject
Project("{FAE04EC0-301F-11D3-BF4B-00C04F79EFBC}") = "Practice Characters and Strings", "Practice Characters and Strings\Practice Characters and Strings.csproj", "{2FC23C69-8E73-4351-A885-4CFDC13A4530}"
EndProject
Project("{FAE04EC0-301F-11D3-BF4B-00C04F79EFBC}") = "Variable in Hexadecimal Format", "Variable in Hexadecimal Format\Variable in Hexadecimal Format.csproj", "{CB63BB6F-00C3-43B2-B907-8A2524096132}"
EndProject
Project("{FAE04EC0-301F-11D3-BF4B-00C04F79EFBC}") = "Boolean Variable", "Boolean Variable\Boolean Variable.csproj", "{893D0C2F-B321-4F1B-A160-BB80E073381A}"
EndProject
Project("{FAE04EC0-301F-11D3-BF4B-00C04F79EFBC}") = "Strings and Objects", "Strings and Objects\Strings and Objects.csproj", "{C80DF231-8B67-4E22-87D6-80AD70E3D83F}"
EndProject
Project("{FAE04EC0-301F-11D3-BF4B-00C04F79EFBC}") = "Exchange Variable Values", "Exchange Variable Values\Exchange Variable Values.csproj", "{C0B7515E-0B44-424B-B772-8743A652AEF6}"
EndProject
Project("{FAE04EC0-301F-11D3-BF4B-00C04F79EFBC}") = "Employee Data", "Employee Data\Employee Data.csproj", "{08E474E4-7A8A-4E9E-87E8-6DB436066A71}"
EndProject
Project("{FAE04EC0-301F-11D3-BF4B-00C04F79EFBC}") = "Reverse Characters", "Reverse Characters\Reverse Characters.csproj", "{E7FA3C0A-85CB-4950-9118-50E3A83FB339}"
EndProject
Project("{FAE04EC0-301F-11D3-BF4B-00C04F79EFBC}") = "Centuries to Nanoseconds", "Centuries to Nanoseconds\Centuries to Nanoseconds.csproj", "{4C0AAC58-B3D0-4FFE-A0F8-C9630897162A}"
EndProject
Project("{FAE04EC0-301F-11D3-BF4B-00C04F79EFBC}") = "Convert Speed Units", "Convert Speed Units\Convert Speed Units.csproj", "{5E1D8C36-33AC-4204-A981-959C0BFA2E59}"
EndProject
Global
	GlobalSection(SolutionConfigurationPlatforms) = preSolution
		Debug|Any CPU = Debug|Any CPU
		Release|Any CPU = Release|Any CPU
	EndGlobalSection
	GlobalSection(ProjectConfigurationPlatforms) = postSolution
		{6EBDE3D0-3EAA-4F59-8FDD-994861E3E8A5}.Debug|Any CPU.ActiveCfg = Debug|Any CPU
		{6EBDE3D0-3EAA-4F59-8FDD-994861E3E8A5}.Debug|Any CPU.Build.0 = Debug|Any CPU
		{6EBDE3D0-3EAA-4F59-8FDD-994861E3E8A5}.Release|Any CPU.ActiveCfg = Release|Any CPU
		{6EBDE3D0-3EAA-4F59-8FDD-994861E3E8A5}.Release|Any CPU.Build.0 = Release|Any CPU
		{7EA0EEBB-3EB9-4535-9F49-B1880511613E}.Debug|Any CPU.ActiveCfg = Debug|Any CPU
		{7EA0EEBB-3EB9-4535-9F49-B1880511613E}.Debug|Any CPU.Build.0 = Debug|Any CPU
		{7EA0EEBB-3EB9-4535-9F49-B1880511613E}.Release|Any CPU.ActiveCfg = Release|Any CPU
		{7EA0EEBB-3EB9-4535-9F49-B1880511613E}.Release|Any CPU.Build.0 = Release|Any CPU
		{2FC23C69-8E73-4351-A885-4CFDC13A4530}.Debug|Any CPU.ActiveCfg = Debug|Any CPU
		{2FC23C69-8E73-4351-A885-4CFDC13A4530}.Debug|Any CPU.Build.0 = Debug|Any CPU
		{2FC23C69-8E73-4351-A885-4CFDC13A4530}.Release|Any CPU.ActiveCfg = Release|Any CPU
		{2FC23C69-8E73-4351-A885-4CFDC13A4530}.Release|Any CPU.Build.0 = Release|Any CPU
		{CB63BB6F-00C3-43B2-B907-8A2524096132}.Debug|Any CPU.ActiveCfg = Debug|Any CPU
		{CB63BB6F-00C3-43B2-B907-8A2524096132}.Debug|Any CPU.Build.0 = Debug|Any CPU
		{CB63BB6F-00C3-43B2-B907-8A2524096132}.Release|Any CPU.ActiveCfg = Release|Any CPU
		{CB63BB6F-00C3-43B2-B907-8A2524096132}.Release|Any CPU.Build.0 = Release|Any CPU
		{893D0C2F-B321-4F1B-A160-BB80E073381A}.Debug|Any CPU.ActiveCfg = Debug|Any CPU
		{893D0C2F-B321-4F1B-A160-BB80E073381A}.Debug|Any CPU.Build.0 = Debug|Any CPU
		{893D0C2F-B321-4F1B-A160-BB80E073381A}.Release|Any CPU.ActiveCfg = Release|Any CPU
		{893D0C2F-B321-4F1B-A160-BB80E073381A}.Release|Any CPU.Build.0 = Release|Any CPU
		{C80DF231-8B67-4E22-87D6-80AD70E3D83F}.Debug|Any CPU.ActiveCfg = Debug|Any CPU
		{C80DF231-8B67-4E22-87D6-80AD70E3D83F}.Debug|Any CPU.Build.0 = Debug|Any CPU
		{C80DF231-8B67-4E22-87D6-80AD70E3D83F}.Release|Any CPU.ActiveCfg = Release|Any CPU
		{C80DF231-8B67-4E22-87D6-80AD70E3D83F}.Release|Any CPU.Build.0 = Release|Any CPU
		{C0B7515E-0B44-424B-B772-8743A652AEF6}.Debug|Any CPU.ActiveCfg = Debug|Any CPU
		{C0B7515E-0B44-424B-B772-8743A652AEF6}.Debug|Any CPU.Build.0 = Debug|Any CPU
		{C0B7515E-0B44-424B-B772-8743A652AEF6}.Release|Any CPU.ActiveCfg = Release|Any CPU
		{C0B7515E-0B44-424B-B772-8743A652AEF6}.Release|Any CPU.Build.0 = Release|Any CPU
		{08E474E4-7A8A-4E9E-87E8-6DB436066A71}.Debug|Any CPU.ActiveCfg = Debug|Any CPU
		{08E474E4-7A8A-4E9E-87E8-6DB436066A71}.Debug|Any CPU.Build.0 = Debug|Any CPU
		{08E474E4-7A8A-4E9E-87E8-6DB436066A71}.Release|Any CPU.ActiveCfg = Release|Any CPU
		{08E474E4-7A8A-4E9E-87E8-6DB436066A71}.Release|Any CPU.Build.0 = Release|Any CPU
		{E7FA3C0A-85CB-4950-9118-50E3A83FB339}.Debug|Any CPU.ActiveCfg = Debug|Any CPU
		{E7FA3C0A-85CB-4950-9118-50E3A83FB339}.Debug|Any CPU.Build.0 = Debug|Any CPU
		{E7FA3C0A-85CB-4950-9118-50E3A83FB339}.Release|Any CPU.ActiveCfg = Release|Any CPU
		{E7FA3C0A-85CB-4950-9118-50E3A83FB339}.Release|Any CPU.Build.0 = Release|Any CPU
		{4C0AAC58-B3D0-4FFE-A0F8-C9630897162A}.Debug|Any CPU.ActiveCfg = Debug|Any CPU
		{4C0AAC58-B3D0-4FFE-A0F8-C9630897162A}.Debug|Any CPU.Build.0 = Debug|Any CPU
		{4C0AAC58-B3D0-4FFE-A0F8-C9630897162A}.Release|Any CPU.ActiveCfg = Release|Any CPU
		{4C0AAC58-B3D0-4FFE-A0F8-C9630897162A}.Release|Any CPU.Build.0 = Release|Any CPU
		{5E1D8C36-33AC-4204-A981-959C0BFA2E59}.Debug|Any CPU.ActiveCfg = Debug|Any CPU
		{5E1D8C36-33AC-4204-A981-959C0BFA2E59}.Debug|Any CPU.Build.0 = Debug|Any CPU
		{5E1D8C36-33AC-4204-A981-959C0BFA2E59}.Release|Any CPU.ActiveCfg = Release|Any CPU
		{5E1D8C36-33AC-4204-A981-959C0BFA2E59}.Release|Any CPU.Build.0 = Release|Any CPU
	EndGlobalSection
	GlobalSection(SolutionProperties) = preSolution
		HideSolutionNode = FALSE
	EndGlobalSection
EndGlobal
